
Microsoft Visual Studio Solution File, Format Version 12.00
# Visual Studio Version 16
VisualStudioVersion = 16.0.34601.136
MinimumVisualStudioVersion = 10.0.40219.1
Project("{FAE04EC0-301F-11D3-BF4B-00C04F79EFBC}") = "user_app", "user_app\user_app.csproj", "{F561B2FF-6492-493A-ACC9-F7ECCFF57866}"
EndProject
Project("{FAE04EC0-301F-11D3-BF4B-00C04F79EFBC}") = "user_app.Tests", "user_app.Tests\user_app.Tests.csproj", "{B7E650AD-20B5-43E3-9AE3-E50F10C93A66}"
EndProject
Global
	GlobalSection(SolutionConfigurationPlatforms) = preSolution
		Debug|Any CPU = Debug|Any CPU
		Release|Any CPU = Release|Any CPU
	EndGlobalSection
	GlobalSection(ProjectConfigurationPlatforms) = postSolution
		{F561B2FF-6492-493A-ACC9-F7ECCFF57866}.Debug|Any CPU.ActiveCfg = Debug|Any CPU
		{F561B2FF-6492-493A-ACC9-F7ECCFF57866}.Debug|Any CPU.Build.0 = Debug|Any CPU
		{F561B2FF-6492-493A-ACC9-F7ECCFF57866}.Release|Any CPU.ActiveCfg = Release|Any CPU
		{F561B2FF-6492-493A-ACC9-F7ECCFF57866}.Release|Any CPU.Build.0 = Release|Any CPU
		{B7E650AD-20B5-43E3-9AE3-E50F10C93A66}.Debug|Any CPU.ActiveCfg = Debug|Any CPU
		{B7E650AD-20B5-43E3-9AE3-E50F10C93A66}.Debug|Any CPU.Build.0 = Debug|Any CPU
		{B7E650AD-20B5-43E3-9AE3-E50F10C93A66}.Release|Any CPU.ActiveCfg = Release|Any CPU
		{B7E650AD-20B5-43E3-9AE3-E50F10C93A66}.Release|Any CPU.Build.0 = Release|Any CPU
	EndGlobalSection
	GlobalSection(SolutionProperties) = preSolution
		HideSolutionNode = FALSE
	EndGlobalSection
	GlobalSection(ExtensibilityGlobals) = postSolution
		SolutionGuid = {44E669B8-4EF1-409B-B33C-853ED66E8181}
	EndGlobalSection
EndGlobal
